{
  "lockfileVersion": 1,
  "workspaces": {
    "": {
      "name": "backend-test-submission",
      "dependencies": {
        "prisma": "^6.11.0",
      },
      "devDependencies": {
        "@types/bun": "latest",
      },
      "peerDependencies": {
        "typescript": "^5",
      },
    },
  },
  "packages": {
    "@prisma/config": ["@prisma/config@6.11.0", "", { "dependencies": { "jiti": "2.4.2" } }, "sha512-icBfutMpdrwSf2ggo012zhQ4oianijXL/UPbv4PNVK3WUWbB3/F5Ltq8ZfElGrtwKC6XuFFPxU5qDC9x7vh8zQ=="],

    "@prisma/debug": ["@prisma/debug@6.11.0", "", {}, "sha512-zo4oEZMWMt0BFWl+4NK9FUpaEOmjGR3y2/r0lkW/DK4BUBRgMj90s8QqK2K+vXG3xn0nAGg2kOSu+Swn60CFLg=="],

    "@prisma/engines": ["@prisma/engines@6.11.0", "", { "dependencies": { "@prisma/debug": "6.11.0", "@prisma/engines-version": "6.11.0-18.9c30299f5a0ea26a96790e13f796dc6094db3173", "@prisma/fetch-engine": "6.11.0", "@prisma/get-platform": "6.11.0" } }, "sha512-uqnYxvPKZPvYZA7F0q4gTR+fVWUJSY5bif7JAKBIOD5SoRRy0qEIaPy4Nna5WDLQaFGshaY/Bh8dLOQMfxhJJw=="],

    "@prisma/engines-version": ["@prisma/engines-version@6.11.0-18.9c30299f5a0ea26a96790e13f796dc6094db3173", "", {}, "sha512-M3vbyDICFIA1oJl0cFkM0omD4HsJZjFi0hu0f0UxyPABH8KEcZyUd5BToCrNl4B8lUeQn+L5+gfaQleOKp6Lrg=="],

    "@prisma/fetch-engine": ["@prisma/fetch-engine@6.11.0", "", { "dependencies": { "@prisma/debug": "6.11.0", "@prisma/engines-version": "6.11.0-18.9c30299f5a0ea26a96790e13f796dc6094db3173", "@prisma/get-platform": "6.11.0" } }, "sha512-ZHHSP7vJFo5hePH+MNovxhqXabIg38ZpCwQfUBON29kwPX3f1pjYnzGpgJLCJy4k7mKGOzTgrXPqH8+nJvq2fw=="],

    "@prisma/get-platform": ["@prisma/get-platform@6.11.0", "", { "dependencies": { "@prisma/debug": "6.11.0" } }, "sha512-yspBGvOfJQwuoApk5B4aBlHDy6YDXAOe4Ml8U2eZ+M2b7fDd10YDomS3Q4qrYHUUVYF3TJyN86NcnRMOvCMUrA=="],

    "@types/bun": ["@types/bun@1.2.17", "", { "dependencies": { "bun-types": "1.2.17" } }, "sha512-l/BYs/JYt+cXA/0+wUhulYJB6a6p//GTPiJ7nV+QHa8iiId4HZmnu/3J/SowP5g0rTiERY2kfGKXEK5Ehltx4Q=="],

    "@types/node": ["@types/node@24.0.10", "", { "dependencies": { "undici-types": "~7.8.0" } }, "sha512-ENHwaH+JIRTDIEEbDK6QSQntAYGtbvdDXnMXnZaZ6k13Du1dPMmprkEHIL7ok2Wl2aZevetwTAb5S+7yIF+enA=="],

    "bun-types": ["bun-types@1.2.17", "", { "dependencies": { "@types/node": "*" } }, "sha512-ElC7ItwT3SCQwYZDYoAH+q6KT4Fxjl8DtZ6qDulUFBmXA8YB4xo+l54J9ZJN+k2pphfn9vk7kfubeSd5QfTVJQ=="],

    "jiti": ["jiti@2.4.2", "", { "bin": { "jiti": "lib/jiti-cli.mjs" } }, "sha512-rg9zJN+G4n2nfJl5MW3BMygZX56zKPNVEYYqq7adpmMh4Jn2QNEwhvQlFy6jPVdcod7txZtKHWnyZiA3a0zP7A=="],

    "prisma": ["prisma@6.11.0", "", { "dependencies": { "@prisma/config": "6.11.0", "@prisma/engines": "6.11.0" }, "peerDependencies": { "typescript": ">=5.1.0" }, "optionalPeers": ["typescript"], "bin": { "prisma": "build/index.js" } }, "sha512-gI69E7fusgk32XALpXzdgR10xUx2aFnHiu/JaUo4O07G4JvFT0xNtD0Iy81p37iBLTYFEhWa9VrHKXaiyZ5fLQ=="],

    "typescript": ["typescript@5.8.3", "", { "bin": { "tsc": "bin/tsc", "tsserver": "bin/tsserver" } }, "sha512-p1diW6TqL9L07nNxvRMM7hMMw4c5XOo/1ibL4aAIGmSAt9slTE1Xgw5KWuof2uTOvCg9BY7ZRi+GaF+7sfgPeQ=="],

    "undici-types": ["undici-types@7.8.0", "", {}, "sha512-9UJ2xGDvQ43tYyVMpuHlsgApydB8ZKfVYTsLDhXkFL/6gfkp+U8xTGdh8pMJv1SpZna0zxG1DwsKZsreLbXBxw=="],
  }
}
